
Microsoft Visual Studio Solution File, Format Version 12.00
# Visual Studio Version 17
VisualStudioVersion = 17.13.35825.156 d17.13
MinimumVisualStudioVersion = 10.0.40219.1
Project("{FAE04EC0-301F-11D3-BF4B-00C04F79EFBC}") = "Flight_Check_in", "Flight_Check_in\Flight_Check_in.csproj", "{88FB843A-F56A-4F04-A58E-812E2461133B}"
EndProject
Project("{FAE04EC0-301F-11D3-BF4B-00C04F79EFBC}") = "Forms", "Forms\Forms.csproj", "{47484113-3282-4731-A9EA-0DBFB2545F8D}"
EndProject
Global
	GlobalSection(SolutionConfigurationPlatforms) = preSolution
		Debug|Any CPU = Debug|Any CPU
		Release|Any CPU = Release|Any CPU
	EndGlobalSection
	GlobalSection(ProjectConfigurationPlatforms) = postSolution
		{88FB843A-F56A-4F04-A58E-812E2461133B}.Debug|Any CPU.ActiveCfg = Debug|Any CPU
		{88FB843A-F56A-4F04-A58E-812E2461133B}.Debug|Any CPU.Build.0 = Debug|Any CPU
		{88FB843A-F56A-4F04-A58E-812E2461133B}.Release|Any CPU.ActiveCfg = Release|Any CPU
		{88FB843A-F56A-4F04-A58E-812E2461133B}.Release|Any CPU.Build.0 = Release|Any CPU
		{47484113-3282-4731-A9EA-0DBFB2545F8D}.Debug|Any CPU.ActiveCfg = Debug|Any CPU
		{47484113-3282-4731-A9EA-0DBFB2545F8D}.Debug|Any CPU.Build.0 = Debug|Any CPU
		{47484113-3282-4731-A9EA-0DBFB2545F8D}.Release|Any CPU.ActiveCfg = Release|Any CPU
		{47484113-3282-4731-A9EA-0DBFB2545F8D}.Release|Any CPU.Build.0 = Release|Any CPU
	EndGlobalSection
	GlobalSection(SolutionProperties) = preSolution
		HideSolutionNode = FALSE
	EndGlobalSection
	GlobalSection(ExtensibilityGlobals) = postSolution
		SolutionGuid = {80715803-C023-4063-807A-9B8CDCF39879}
	EndGlobalSection
EndGlobal
